
Microsoft Visual Studio Solution File, Format Version 12.00
# Visual Studio Version 16
VisualStudioVersion = 16.0.31402.337
MinimumVisualStudioVersion = 10.0.40219.1
Project("{9A19103F-16F7-4668-BE54-9A1E7A4F7556}") = "Back", "Back\Back.csproj", "{CEBD768E-137F-4858-81AA-18A5610A0DCD}"
EndProject
Project("{9A19103F-16F7-4668-BE54-9A1E7A4F7556}") = "AccesoDatos", "AccesoDatos\AccesoDatos.csproj", "{17414ED7-3BB7-403A-9D63-8C15E01FBF13}"
EndProject
Project("{FAE04EC0-301F-11D3-BF4B-00C04F79EFBC}") = "LogicaDeNegocio", "LogicaDeNegocio\LogicaDeNegocio.csproj", "{B8210F1F-3592-4542-991C-E88E9605CBF4}"
EndProject
Global
	GlobalSection(SolutionConfigurationPlatforms) = preSolution
		Debug|Any CPU = Debug|Any CPU
		Release|Any CPU = Release|Any CPU
	EndGlobalSection
	GlobalSection(ProjectConfigurationPlatforms) = postSolution
		{CEBD768E-137F-4858-81AA-18A5610A0DCD}.Debug|Any CPU.ActiveCfg = Debug|Any CPU
		{CEBD768E-137F-4858-81AA-18A5610A0DCD}.Debug|Any CPU.Build.0 = Debug|Any CPU
		{CEBD768E-137F-4858-81AA-18A5610A0DCD}.Release|Any CPU.ActiveCfg = Release|Any CPU
		{CEBD768E-137F-4858-81AA-18A5610A0DCD}.Release|Any CPU.Build.0 = Release|Any CPU
		{17414ED7-3BB7-403A-9D63-8C15E01FBF13}.Debug|Any CPU.ActiveCfg = Debug|Any CPU
		{17414ED7-3BB7-403A-9D63-8C15E01FBF13}.Debug|Any CPU.Build.0 = Debug|Any CPU
		{17414ED7-3BB7-403A-9D63-8C15E01FBF13}.Release|Any CPU.ActiveCfg = Release|Any CPU
		{17414ED7-3BB7-403A-9D63-8C15E01FBF13}.Release|Any CPU.Build.0 = Release|Any CPU
		{B8210F1F-3592-4542-991C-E88E9605CBF4}.Debug|Any CPU.ActiveCfg = Debug|Any CPU
		{B8210F1F-3592-4542-991C-E88E9605CBF4}.Debug|Any CPU.Build.0 = Debug|Any CPU
		{B8210F1F-3592-4542-991C-E88E9605CBF4}.Release|Any CPU.ActiveCfg = Release|Any CPU
		{B8210F1F-3592-4542-991C-E88E9605CBF4}.Release|Any CPU.Build.0 = Release|Any CPU
	EndGlobalSection
	GlobalSection(SolutionProperties) = preSolution
		HideSolutionNode = FALSE
	EndGlobalSection
	GlobalSection(ExtensibilityGlobals) = postSolution
		SolutionGuid = {CD27ADEB-C509-4F8A-B2C3-E0919BD7FDA8}
	EndGlobalSection
EndGlobal
